
Microsoft Visual Studio Solution File, Format Version 12.00
# Visual Studio Version 17
VisualStudioVersion = 17.5.002.0
MinimumVisualStudioVersion = 10.0.40219.1
Project("{2150E333-8FDC-42A3-9474-1A3956D46DE8}") = "2023", "2023", "{9E9ECC68-9D3A-43EC-B0D5-133E8AB0E592}"
EndProject
Project("{9A19103F-16F7-4668-BE54-9A1E7A4F7556}") = "Day05", "2023\Day05\Day05.csproj", "{A5BD64F5-8C65-4636-A19C-7B4A57283F36}"
EndProject
Project("{9A19103F-16F7-4668-BE54-9A1E7A4F7556}") = "Day03", "2023\Day03\Day03.csproj", "{ABC5ECBD-B2EA-4C5A-A123-1EEDBD60AD57}"
EndProject
Project("{9A19103F-16F7-4668-BE54-9A1E7A4F7556}") = "Day02", "2023\Day02\Day02.csproj", "{DE30A057-5E74-4716-B980-8973F82EC0CA}"
EndProject
Project("{9A19103F-16F7-4668-BE54-9A1E7A4F7556}") = "Day01", "2023\Day01\Day01.csproj", "{4B2C1CC0-AF34-411F-990A-2707A67E1F83}"
EndProject
Project("{9A19103F-16F7-4668-BE54-9A1E7A4F7556}") = "Day04", "2023\Day04\Day04.csproj", "{CBFED0D6-7C0D-4513-B78D-F11D98900455}"
EndProject
Project("{FAE04EC0-301F-11D3-BF4B-00C04F79EFBC}") = "Day06", "2023\Day06\Day06.csproj", "{B097643D-DFFC-4058-8237-26F19970495C}"
EndProject
Project("{FAE04EC0-301F-11D3-BF4B-00C04F79EFBC}") = "Day07", "2023\Day07\Day07.csproj", "{B8B3F573-D06B-47DB-9146-7C86FEA78426}"
EndProject
Project("{FAE04EC0-301F-11D3-BF4B-00C04F79EFBC}") = "Day08", "2023\Day08\Day08.csproj", "{F595A500-EFBC-4429-86A1-714E932EB639}"
EndProject
Project("{FAE04EC0-301F-11D3-BF4B-00C04F79EFBC}") = "Day09", "2023\Day09\Day09.csproj", "{5B2EB339-3E15-40B0-8A05-36FA762263C8}"
EndProject
Project("{FAE04EC0-301F-11D3-BF4B-00C04F79EFBC}") = "Day10", "2023\Day10\Day10.csproj", "{0AE3EBC7-A475-49DA-9160-2D1E8BD71D4E}"
EndProject
Project("{FAE04EC0-301F-11D3-BF4B-00C04F79EFBC}") = "Day11", "2023\Day11\Day11.csproj", "{8DFA1B6C-0A13-4C64-98C9-B11F151B1C33}"
EndProject
Project("{FAE04EC0-301F-11D3-BF4B-00C04F79EFBC}") = "Day12", "2023\Day12\Day12.csproj", "{FB082D63-7CB7-4F02-B70B-E988A3C66DEA}"
EndProject
Global
	GlobalSection(SolutionConfigurationPlatforms) = preSolution
		Debug|Any CPU = Debug|Any CPU
		Release|Any CPU = Release|Any CPU
	EndGlobalSection
	GlobalSection(ProjectConfigurationPlatforms) = postSolution
		{A5BD64F5-8C65-4636-A19C-7B4A57283F36}.Debug|Any CPU.ActiveCfg = Debug|Any CPU
		{A5BD64F5-8C65-4636-A19C-7B4A57283F36}.Debug|Any CPU.Build.0 = Debug|Any CPU
		{A5BD64F5-8C65-4636-A19C-7B4A57283F36}.Release|Any CPU.ActiveCfg = Release|Any CPU
		{A5BD64F5-8C65-4636-A19C-7B4A57283F36}.Release|Any CPU.Build.0 = Release|Any CPU
		{ABC5ECBD-B2EA-4C5A-A123-1EEDBD60AD57}.Debug|Any CPU.ActiveCfg = Debug|Any CPU
		{ABC5ECBD-B2EA-4C5A-A123-1EEDBD60AD57}.Debug|Any CPU.Build.0 = Debug|Any CPU
		{ABC5ECBD-B2EA-4C5A-A123-1EEDBD60AD57}.Release|Any CPU.ActiveCfg = Release|Any CPU
		{ABC5ECBD-B2EA-4C5A-A123-1EEDBD60AD57}.Release|Any CPU.Build.0 = Release|Any CPU
		{DE30A057-5E74-4716-B980-8973F82EC0CA}.Debug|Any CPU.ActiveCfg = Debug|Any CPU
		{DE30A057-5E74-4716-B980-8973F82EC0CA}.Debug|Any CPU.Build.0 = Debug|Any CPU
		{DE30A057-5E74-4716-B980-8973F82EC0CA}.Release|Any CPU.ActiveCfg = Release|Any CPU
		{DE30A057-5E74-4716-B980-8973F82EC0CA}.Release|Any CPU.Build.0 = Release|Any CPU
		{4B2C1CC0-AF34-411F-990A-2707A67E1F83}.Debug|Any CPU.ActiveCfg = Debug|Any CPU
		{4B2C1CC0-AF34-411F-990A-2707A67E1F83}.Debug|Any CPU.Build.0 = Debug|Any CPU
		{4B2C1CC0-AF34-411F-990A-2707A67E1F83}.Release|Any CPU.ActiveCfg = Release|Any CPU
		{4B2C1CC0-AF34-411F-990A-2707A67E1F83}.Release|Any CPU.Build.0 = Release|Any CPU
		{CBFED0D6-7C0D-4513-B78D-F11D98900455}.Debug|Any CPU.ActiveCfg = Debug|Any CPU
		{CBFED0D6-7C0D-4513-B78D-F11D98900455}.Debug|Any CPU.Build.0 = Debug|Any CPU
		{CBFED0D6-7C0D-4513-B78D-F11D98900455}.Release|Any CPU.ActiveCfg = Release|Any CPU
		{CBFED0D6-7C0D-4513-B78D-F11D98900455}.Release|Any CPU.Build.0 = Release|Any CPU
		{B097643D-DFFC-4058-8237-26F19970495C}.Debug|Any CPU.ActiveCfg = Debug|Any CPU
		{B097643D-DFFC-4058-8237-26F19970495C}.Debug|Any CPU.Build.0 = Debug|Any CPU
		{B097643D-DFFC-4058-8237-26F19970495C}.Release|Any CPU.ActiveCfg = Release|Any CPU
		{B097643D-DFFC-4058-8237-26F19970495C}.Release|Any CPU.Build.0 = Release|Any CPU
		{B8B3F573-D06B-47DB-9146-7C86FEA78426}.Debug|Any CPU.ActiveCfg = Debug|Any CPU
		{B8B3F573-D06B-47DB-9146-7C86FEA78426}.Debug|Any CPU.Build.0 = Debug|Any CPU
		{B8B3F573-D06B-47DB-9146-7C86FEA78426}.Release|Any CPU.ActiveCfg = Release|Any CPU
		{B8B3F573-D06B-47DB-9146-7C86FEA78426}.Release|Any CPU.Build.0 = Release|Any CPU
		{F595A500-EFBC-4429-86A1-714E932EB639}.Debug|Any CPU.ActiveCfg = Debug|Any CPU
		{F595A500-EFBC-4429-86A1-714E932EB639}.Debug|Any CPU.Build.0 = Debug|Any CPU
		{F595A500-EFBC-4429-86A1-714E932EB639}.Release|Any CPU.ActiveCfg = Release|Any CPU
		{F595A500-EFBC-4429-86A1-714E932EB639}.Release|Any CPU.Build.0 = Release|Any CPU
		{5B2EB339-3E15-40B0-8A05-36FA762263C8}.Debug|Any CPU.ActiveCfg = Debug|Any CPU
		{5B2EB339-3E15-40B0-8A05-36FA762263C8}.Debug|Any CPU.Build.0 = Debug|Any CPU
		{5B2EB339-3E15-40B0-8A05-36FA762263C8}.Release|Any CPU.ActiveCfg = Release|Any CPU
		{5B2EB339-3E15-40B0-8A05-36FA762263C8}.Release|Any CPU.Build.0 = Release|Any CPU
		{0AE3EBC7-A475-49DA-9160-2D1E8BD71D4E}.Debug|Any CPU.ActiveCfg = Debug|Any CPU
		{0AE3EBC7-A475-49DA-9160-2D1E8BD71D4E}.Debug|Any CPU.Build.0 = Debug|Any CPU
		{0AE3EBC7-A475-49DA-9160-2D1E8BD71D4E}.Release|Any CPU.ActiveCfg = Release|Any CPU
		{0AE3EBC7-A475-49DA-9160-2D1E8BD71D4E}.Release|Any CPU.Build.0 = Release|Any CPU
		{8DFA1B6C-0A13-4C64-98C9-B11F151B1C33}.Debug|Any CPU.ActiveCfg = Debug|Any CPU
		{8DFA1B6C-0A13-4C64-98C9-B11F151B1C33}.Debug|Any CPU.Build.0 = Debug|Any CPU
		{8DFA1B6C-0A13-4C64-98C9-B11F151B1C33}.Release|Any CPU.ActiveCfg = Release|Any CPU
		{8DFA1B6C-0A13-4C64-98C9-B11F151B1C33}.Release|Any CPU.Build.0 = Release|Any CPU
		{FB082D63-7CB7-4F02-B70B-E988A3C66DEA}.Debug|Any CPU.ActiveCfg = Debug|Any CPU
		{FB082D63-7CB7-4F02-B70B-E988A3C66DEA}.Debug|Any CPU.Build.0 = Debug|Any CPU
		{FB082D63-7CB7-4F02-B70B-E988A3C66DEA}.Release|Any CPU.ActiveCfg = Release|Any CPU
		{FB082D63-7CB7-4F02-B70B-E988A3C66DEA}.Release|Any CPU.Build.0 = Release|Any CPU
	EndGlobalSection
	GlobalSection(SolutionProperties) = preSolution
		HideSolutionNode = FALSE
	EndGlobalSection
	GlobalSection(NestedProjects) = preSolution
		{A5BD64F5-8C65-4636-A19C-7B4A57283F36} = {9E9ECC68-9D3A-43EC-B0D5-133E8AB0E592}
		{ABC5ECBD-B2EA-4C5A-A123-1EEDBD60AD57} = {9E9ECC68-9D3A-43EC-B0D5-133E8AB0E592}
		{DE30A057-5E74-4716-B980-8973F82EC0CA} = {9E9ECC68-9D3A-43EC-B0D5-133E8AB0E592}
		{4B2C1CC0-AF34-411F-990A-2707A67E1F83} = {9E9ECC68-9D3A-43EC-B0D5-133E8AB0E592}
		{CBFED0D6-7C0D-4513-B78D-F11D98900455} = {9E9ECC68-9D3A-43EC-B0D5-133E8AB0E592}
		{B097643D-DFFC-4058-8237-26F19970495C} = {9E9ECC68-9D3A-43EC-B0D5-133E8AB0E592}
		{B8B3F573-D06B-47DB-9146-7C86FEA78426} = {9E9ECC68-9D3A-43EC-B0D5-133E8AB0E592}
		{F595A500-EFBC-4429-86A1-714E932EB639} = {9E9ECC68-9D3A-43EC-B0D5-133E8AB0E592}
		{5B2EB339-3E15-40B0-8A05-36FA762263C8} = {9E9ECC68-9D3A-43EC-B0D5-133E8AB0E592}
		{0AE3EBC7-A475-49DA-9160-2D1E8BD71D4E} = {9E9ECC68-9D3A-43EC-B0D5-133E8AB0E592}
		{8DFA1B6C-0A13-4C64-98C9-B11F151B1C33} = {9E9ECC68-9D3A-43EC-B0D5-133E8AB0E592}
		{FB082D63-7CB7-4F02-B70B-E988A3C66DEA} = {9E9ECC68-9D3A-43EC-B0D5-133E8AB0E592}
	EndGlobalSection
	GlobalSection(ExtensibilityGlobals) = postSolution
		SolutionGuid = {28302B09-2045-4710-BD2F-0EFDFD93297E}
	EndGlobalSection
EndGlobal
